
Microsoft Visual Studio Solution File, Format Version 12.00
# Visual Studio Version 17
VisualStudioVersion = 17.6.33801.468
MinimumVisualStudioVersion = 10.0.40219.1
Project("{888888A0-9F3D-457C-B088-3A5042F75D52}") = "Model Information V 2.0", "Model Information V 2.0.pyproj", "{95AC5168-EF96-4FAA-BDED-AD58564B1691}"
EndProject
Global
	GlobalSection(SolutionConfigurationPlatforms) = preSolution
		Debug|Any CPU = Debug|Any CPU
		Release|Any CPU = Release|Any CPU
	EndGlobalSection
	GlobalSection(ProjectConfigurationPlatforms) = postSolution
		{95AC5168-EF96-4FAA-BDED-AD58564B1691}.Debug|Any CPU.ActiveCfg = Debug|Any CPU
		{95AC5168-EF96-4FAA-BDED-AD58564B1691}.Release|Any CPU.ActiveCfg = Release|Any CPU
	EndGlobalSection
	GlobalSection(SolutionProperties) = preSolution
		HideSolutionNode = FALSE
	EndGlobalSection
	GlobalSection(ExtensibilityGlobals) = postSolution
		SolutionGuid = {A73EA755-769B-434B-A7CC-068D69E0BF21}
	EndGlobalSection
EndGlobal
